<?xml version="1.0" encoding="utf-8"?>
<Project ToolsVersion="4.0" xmlns="http://schemas.microsoft.com/developer/msbuild/2003">
  <ItemGroup>
    <Filter Include="Source Files">
      <UniqueIdentifier>{c3e07982-838a-441a-9b9f-3e9e3edc7f1e}</UniqueIdentifier>
      <Extensions>cpp;c;cxx;def;odl;idl;hpj;bat;asm</Extensions>
    </Filter>
    <Filter Include="Source Files\LavishScript Extensions">
      <UniqueIdentifier>{70f9d419-ed12-422e-a70c-c9a613187891}</UniqueIdentifier>
    </Filter>
    <Filter Include="Source Files\LavishGUI Elements">
      <UniqueIdentifier>{bc976b93-52ba-41ee-ada1-b3d87d20e7bb}</UniqueIdentifier>
    </Filter>
    <Filter Include="Source Files\Services">
      <UniqueIdentifier>{7043695e-c0eb-41dc-be02-5c5de3c6d7c9}</UniqueIdentifier>
    </Filter>
    <Filter Include="Header Files">
      <UniqueIdentifier>{33eb26ec-0f40-4e47-8ec8-96f6eea56707}</UniqueIdentifier>
      <Extensions>h;hpp;hxx;hm;inl;inc</Extensions>
    </Filter>
    <Filter Include="Header Files\LavishScript Extensions">
      <UniqueIdentifier>{98033e4d-0b0c-4fd5-9f78-397f07721d8b}</UniqueIdentifier>
    </Filter>
    <Filter Include="Header Files\LavishScript Extensions\Lists">
      <UniqueIdentifier>{32799ee2-6faa-4dbc-a836-fceaf48a0e51}</UniqueIdentifier>
    </Filter>
    <Filter Include="Header Files\LavishGUI Elements">
      <UniqueIdentifier>{bff4d1d8-67f7-44ad-bb46-f87d5c8cae8f}</UniqueIdentifier>
    </Filter>
    <Filter Include="Header Files\Services">
      <UniqueIdentifier>{a594a40b-febb-4d73-9bb8-8d5b94664a20}</UniqueIdentifier>
    </Filter>
    <Filter Include="Header Files\Services\List">
      <UniqueIdentifier>{645c7422-78a1-42e1-8c75-591f58a36861}</UniqueIdentifier>
    </Filter>
    <Filter Include="Header Files\PCH">
      <UniqueIdentifier>{ad3f6b5d-cfdd-4ac1-844c-4cd40e8ea132}</UniqueIdentifier>
    </Filter>
    <Filter Include="Source Files\PCH">
      <UniqueIdentifier>{03716e1d-4994-4163-be52-09bcf73f00d4}</UniqueIdentifier>
    </Filter>
    <Filter Include="Source Files\PythonExtensions">
      <UniqueIdentifier>{c2ba8f36-6a05-4570-a16d-e589b88eeb21}</UniqueIdentifier>
    </Filter>
    <Filter Include="Header Files\PythonExtensions">
      <UniqueIdentifier>{1ee53b61-d846-4a23-bc41-2354cd6c1a6f}</UniqueIdentifier>
    </Filter>
    <Filter Include="Header Files\Stackless">
      <UniqueIdentifier>{2dc7bb49-94f0-41b4-a809-cba72db8507b}</UniqueIdentifier>
    </Filter>
    <Filter Include="Source Files\Stackless">
      <UniqueIdentifier>{0fa4304f-4324-43c5-a592-fe980d43097e}</UniqueIdentifier>
    </Filter>
    <Filter Include="Source Files\PythonExtensions\EQ2">
      <UniqueIdentifier>{4b113d8d-54fd-4e99-88d7-deca2bee3a38}</UniqueIdentifier>
    </Filter>
    <Filter Include="Source Files\PythonExtensions\EQ2\Types">
      <UniqueIdentifier>{6f9d8ef1-619c-47bf-8abe-7350663790c9}</UniqueIdentifier>
    </Filter>
    <Filter Include="Source Files\PythonExtensions\EQ2\Events">
      <UniqueIdentifier>{0d121884-5264-4726-bf61-8815c93dda9c}</UniqueIdentifier>
    </Filter>
    <Filter Include="Header Files\PythonExtensions\EQ2">
      <UniqueIdentifier>{8887db6b-c68f-4fa1-ae9d-0efdb3d80162}</UniqueIdentifier>
    </Filter>
    <Filter Include="Header Files\PythonExtensions\EQ2\Types">
      <UniqueIdentifier>{e3a78638-6d61-4619-85e8-8875d5940c4e}</UniqueIdentifier>
    </Filter>
    <Filter Include="Header Files\PythonExtensions\EQ2\Events">
      <UniqueIdentifier>{4f93b419-e39e-421b-80d1-af9321361c48}</UniqueIdentifier>
    </Filter>
    <Filter Include="Source Files\PythonExtensions\ISXPY">
      <UniqueIdentifier>{86d3adb8-16c1-4f4c-9a6d-beb2b2595372}</UniqueIdentifier>
    </Filter>
    <Filter Include="Source Files\PythonExtensions\ISXPY\Types">
      <UniqueIdentifier>{e0b182c3-ec83-402f-8cfe-885b0ccc0827}</UniqueIdentifier>
    </Filter>
    <Filter Include="Header Files\PythonExtensions\ISXPy">
      <UniqueIdentifier>{d578498c-3e33-49f8-b42a-a9476b71a4b2}</UniqueIdentifier>
    </Filter>
    <Filter Include="Header Files\PythonExtensions\ISXPy\Types">
      <UniqueIdentifier>{5e031d29-1d96-4b99-8573-0691b8110f95}</UniqueIdentifier>
    </Filter>
  </ItemGroup>
  <ItemGroup>
    <ClCompile Include="ISXPy.cpp">
      <Filter>Source Files</Filter>
    </ClCompile>
    <ClCompile Include="Commands.cpp">
      <Filter>Source Files\LavishScript Extensions</Filter>
    </ClCompile>
    <ClCompile Include="DataTypes.cpp">
      <Filter>Source Files\LavishScript Extensions</Filter>
    </ClCompile>
    <ClCompile Include="TopLevelObjects.cpp">
      <Filter>Source Files\LavishScript Extensions</Filter>
    </ClCompile>
    <ClCompile Include="LGUIPyFrame.cpp">
      <Filter>Source Files\LavishGUI Elements</Filter>
    </ClCompile>
    <ClCompile Include="Services.cpp">
      <Filter>Source Files\Services</Filter>
    </ClCompile>
    <ClCompile Include="ISXPyPCH.cpp">
      <Filter>Source Files\PCH</Filter>
    </ClCompile>
    <ClCompile Include="tasklet.cpp">
      <Filter>Source Files\Stackless</Filter>
    </ClCompile>
    <ClCompile Include="channel.cpp">
      <Filter>Source Files\Stackless</Filter>
    </ClCompile>
    <ClCompile Include="stackless_module.cpp">
      <Filter>Source Files\Stackless</Filter>
    </ClCompile>
    <ClCompile Include="py_eq2.cpp">
      <Filter>Source Files\PythonExtensions\EQ2\Types</Filter>
    </ClCompile>
    <ClCompile Include="py_eq2_actor.cpp">
      <Filter>Source Files\PythonExtensions\EQ2\Types</Filter>
    </ClCompile>
    <ClCompile Include="py_eq2_actor_effect.cpp">
      <Filter>Source Files\PythonExtensions\EQ2\Types</Filter>
    </ClCompile>
    <ClCompile Include="py_eq2_character.cpp">
      <Filter>Source Files\PythonExtensions\EQ2\Types</Filter>
    </ClCompile>
    <ClCompile Include="py_eq2_dynamic_data.cpp">
      <Filter>Source Files\PythonExtensions\EQ2\Types</Filter>
    </ClCompile>
    <ClCompile Include="py_eq2_effect.cpp">
      <Filter>Source Files\PythonExtensions\EQ2\Types</Filter>
    </ClCompile>
    <ClCompile Include="py_eq2_effect_info.cpp">
      <Filter>Source Files\PythonExtensions\EQ2\Types</Filter>
    </ClCompile>
    <ClCompile Include="py_eq2_group_member.cpp">
      <Filter>Source Files\PythonExtensions\EQ2\Types</Filter>
    </ClCompile>
    <ClCompile Include="py_eq2_item.cpp">
      <Filter>Source Files\PythonExtensions\EQ2\Types</Filter>
    </ClCompile>
    <ClCompile Include="py_eq2_maintained.cpp">
      <Filter>Source Files\PythonExtensions\EQ2\Types</Filter>
    </ClCompile>
    <ClCompile Include="py_eq2_recipe.cpp">
      <Filter>Source Files\PythonExtensions\EQ2\Types</Filter>
    </ClCompile>
    <ClCompile Include="py_isxeq2.cpp">
      <Filter>Source Files\PythonExtensions\EQ2\Types</Filter>
    </ClCompile>
    <ClCompile Include="eq2_actor_spawned_args.cpp">
      <Filter>Source Files\PythonExtensions\EQ2\Events</Filter>
    </ClCompile>
    <ClCompile Include="eq2_actor_despawned_args.cpp">
      <Filter>Source Files\PythonExtensions\EQ2\Events</Filter>
    </ClCompile>
    <ClCompile Include="isxeq2_module.cpp">
      <Filter>Source Files\PythonExtensions\EQ2</Filter>
    </ClCompile>
    <ClCompile Include="isxeq2_events.cpp">
      <Filter>Source Files\PythonExtensions\EQ2</Filter>
    </ClCompile>
    <ClCompile Include="eq2_on_quest_offered_args.cpp">
      <Filter>Source Files\PythonExtensions\EQ2\Events</Filter>
    </ClCompile>
    <ClCompile Include="isxpy_module.cpp">
      <Filter>Source Files\PythonExtensions\ISXPY</Filter>
    </ClCompile>
    <ClCompile Include="isxpy_extensions.cpp">
      <Filter>Source Files\PythonExtensions\ISXPY</Filter>
    </ClCompile>
    <ClCompile Include="py_lsobject.cpp">
      <Filter>Source Files\PythonExtensions\ISXPY\Types</Filter>
    </ClCompile>
    <ClCompile Include="py_mutable_string.cpp">
      <Filter>Source Files\PythonExtensions\ISXPY\Types</Filter>
    </ClCompile>
    <ClCompile Include="py_point3_f.cpp">
      <Filter>Source Files\PythonExtensions\ISXPY\Types</Filter>
    </ClCompile>
    <ClCompile Include="isxpy_events.cpp">
      <Filter>Source Files\PythonExtensions\ISXPY</Filter>
    </ClCompile>
    <ClCompile Include="py_int.cpp">
      <Filter>Source Files\PythonExtensions\ISXPY\Types</Filter>
    </ClCompile>
    <ClCompile Include="py_float.cpp">
      <Filter>Source Files\PythonExtensions\ISXPY\Types</Filter>
    </ClCompile>
    <ClCompile Include="py_string.cpp">
      <Filter>Source Files\PythonExtensions\ISXPY\Types</Filter>
    </ClCompile>
    <ClCompile Include="py_uint.cpp">
      <Filter>Source Files\PythonExtensions\ISXPY\Types</Filter>
    </ClCompile>
    <ClCompile Include="py_int64.cpp">
      <Filter>Source Files\PythonExtensions\ISXPY\Types</Filter>
    </ClCompile>
    <ClCompile Include="py_byte.cpp">
      <Filter>Source Files\PythonExtensions\ISXPY\Types</Filter>
    </ClCompile>
    <ClCompile Include="py_float64.cpp">
      <Filter>Source Files\PythonExtensions\ISXPY\Types</Filter>
    </ClCompile>
    <ClCompile Include="py_bool.cpp">
      <Filter>Source Files\PythonExtensions\ISXPY\Types</Filter>
    </ClCompile>
  </ItemGroup>
  <ItemGroup>
    <ClInclude Include="ISXPy.h">
      <Filter>Header Files</Filter>
    </ClInclude>
    <ClInclude Include="DataTypes.h">
      <Filter>Header Files\LavishScript Extensions</Filter>
    </ClInclude>
    <ClInclude Include="Commands.h">
      <Filter>Header Files\LavishScript Extensions\Lists</Filter>
    </ClInclude>
    <ClInclude Include="DataTypeList.h">
      <Filter>Header Files\LavishScript Extensions\Lists</Filter>
    </ClInclude>
    <ClInclude Include="TopLevelObjects.h">
      <Filter>Header Files\LavishScript Extensions\Lists</Filter>
    </ClInclude>
    <ClInclude Include="LGUIPyFrame.h">
      <Filter>Header Files\LavishGUI Elements</Filter>
    </ClInclude>
    <ClInclude Include="ISXPyServices.h">
      <Filter>Header Files\Services</Filter>
    </ClInclude>
    <ClInclude Include="Services.h">
      <Filter>Header Files\Services\List</Filter>
    </ClInclude>
    <ClInclude Include="ISXPyPCH.h">
      <Filter>Header Files\PCH</Filter>
    </ClInclude>
    <ClInclude Include="globals.h">
      <Filter>Header Files</Filter>
    </ClInclude>
    <ClInclude Include="stackless_module.h">
      <Filter>Header Files\Stackless</Filter>
    </ClInclude>
    <ClInclude Include="tasklet.h">
      <Filter>Header Files\Stackless</Filter>
    </ClInclude>
    <ClInclude Include="channel.h">
      <Filter>Header Files\Stackless</Filter>
    </ClInclude>
    <ClInclude Include="py_eq2.h">
      <Filter>Header Files\PythonExtensions\EQ2\Types</Filter>
    </ClInclude>
    <ClInclude Include="py_eq2_actor.h">
      <Filter>Header Files\PythonExtensions\EQ2\Types</Filter>
    </ClInclude>
    <ClInclude Include="py_eq2_actor_effect.h">
      <Filter>Header Files\PythonExtensions\EQ2\Types</Filter>
    </ClInclude>
    <ClInclude Include="py_eq2_character.h">
      <Filter>Header Files\PythonExtensions\EQ2\Types</Filter>
    </ClInclude>
    <ClInclude Include="py_eq2_dynamic_data.h">
      <Filter>Header Files\PythonExtensions\EQ2\Types</Filter>
    </ClInclude>
    <ClInclude Include="py_eq2_effect.h">
      <Filter>Header Files\PythonExtensions\EQ2\Types</Filter>
    </ClInclude>
    <ClInclude Include="py_eq2_effect_info.h">
      <Filter>Header Files\PythonExtensions\EQ2\Types</Filter>
    </ClInclude>
    <ClInclude Include="py_eq2_group_member.h">
      <Filter>Header Files\PythonExtensions\EQ2\Types</Filter>
    </ClInclude>
    <ClInclude Include="py_eq2_item.h">
      <Filter>Header Files\PythonExtensions\EQ2\Types</Filter>
    </ClInclude>
    <ClInclude Include="py_eq2_maintained.h">
      <Filter>Header Files\PythonExtensions\EQ2\Types</Filter>
    </ClInclude>
    <ClInclude Include="py_eq2_recipe.h">
      <Filter>Header Files\PythonExtensions\EQ2\Types</Filter>
    </ClInclude>
    <ClInclude Include="py_isxeq2.h">
      <Filter>Header Files\PythonExtensions\EQ2\Types</Filter>
    </ClInclude>
    <ClInclude Include="eq2_actor_spawned_args.h">
      <Filter>Header Files\PythonExtensions\EQ2\Events</Filter>
    </ClInclude>
    <ClInclude Include="eq2_actor_despawned_args.h">
      <Filter>Header Files\PythonExtensions\EQ2\Events</Filter>
    </ClInclude>
    <ClInclude Include="isxeq2_module.h">
      <Filter>Header Files\PythonExtensions\EQ2</Filter>
    </ClInclude>
    <ClInclude Include="isxeq2_events.h">
      <Filter>Header Files\PythonExtensions\EQ2</Filter>
    </ClInclude>
    <ClInclude Include="eq2_on_quest_offered_args.h">
      <Filter>Header Files\PythonExtensions\EQ2\Events</Filter>
    </ClInclude>
    <ClInclude Include="isxpy_extensions.h">
      <Filter>Header Files\PythonExtensions\ISXPy</Filter>
    </ClInclude>
    <ClInclude Include="py_lsobject.h">
      <Filter>Header Files\PythonExtensions\ISXPy\Types</Filter>
    </ClInclude>
    <ClInclude Include="py_mutable_string.h">
      <Filter>Header Files\PythonExtensions\ISXPy\Types</Filter>
    </ClInclude>
    <ClInclude Include="py_point3_f.h">
      <Filter>Header Files\PythonExtensions\ISXPy\Types</Filter>
    </ClInclude>
    <ClInclude Include="isxpy_module.h">
      <Filter>Header Files\PythonExtensions\ISXPy</Filter>
    </ClInclude>
    <ClInclude Include="isxpy_events.h">
      <Filter>Header Files\PythonExtensions\ISXPy</Filter>
    </ClInclude>
    <ClInclude Include="py_int.h">
      <Filter>Header Files\PythonExtensions\ISXPy\Types</Filter>
    </ClInclude>
    <ClInclude Include="py_float.h">
      <Filter>Header Files\PythonExtensions\ISXPy\Types</Filter>
    </ClInclude>
    <ClInclude Include="py_string.h">
      <Filter>Header Files\PythonExtensions\ISXPy\Types</Filter>
    </ClInclude>
    <ClInclude Include="py_uint.h">
      <Filter>Header Files\PythonExtensions\ISXPy\Types</Filter>
    </ClInclude>
    <ClInclude Include="py_int64.h">
      <Filter>Header Files\PythonExtensions\ISXPy\Types</Filter>
    </ClInclude>
    <ClInclude Include="py_byte.h">
      <Filter>Header Files\PythonExtensions\ISXPy\Types</Filter>
    </ClInclude>
    <ClInclude Include="py_float64.h">
      <Filter>Header Files\PythonExtensions\ISXPy\Types</Filter>
    </ClInclude>
    <ClInclude Include="py_bool.h">
      <Filter>Header Files\PythonExtensions\ISXPy\Types</Filter>
    </ClInclude>
  </ItemGroup>
</Project>